// !$*UTF8*$!
{
	archiveVersion = 1;
	classes = {
	};
	objectVersion = 56;
	objects = {

/* Begin PBXBuildFile section */
		219DA7C1296D62BC00560846 /* SwiftUIDemoApp.swift in Sources */ = {isa = PBXBuildFile; fileRef = 219DA7C0296D62BC00560846 /* SwiftUIDemoApp.swift */; };
		219DA7C3296D62BC00560846 /* ContentView.swift in Sources */ = {isa = PBXBuildFile; fileRef = 219DA7C2296D62BC00560846 /* ContentView.swift */; };
		219DA7C5296D62BF00560846 /* Assets.xcassets in Resources */ = {isa = PBXBuildFile; fileRef = 219DA7C4296D62BF00560846 /* Assets.xcassets */; };
		219DA7C8296D62BF00560846 /* Preview Assets.xcassets in Resources */ = {isa = PBXBuildFile; fileRef = 219DA7C7296D62BF00560846 /* Preview Assets.xcassets */; };
		219DA7D0296E4CFB00560846 /* Nunito-Regular.ttf in Resources */ = {isa = PBXBuildFile; fileRef = 219DA7CF296E4CD600560846 /* Nunito-Regular.ttf */; };
		219DA7D3296E4E2200560846 /* MoonDance-Regular.ttf in Resources */ = {isa = PBXBuildFile; fileRef = 219DA7D2296E4E2200560846 /* MoonDance-Regular.ttf */; };
		AC06C65D2B1EF7310094FB71 /* TransitionView.swift in Sources */ = {isa = PBXBuildFile; fileRef = AC06C65C2B1EF7300094FB71 /* TransitionView.swift */; };
		AC3754E42B20164800E49781 /* CardView.swift in Sources */ = {isa = PBXBuildFile; fileRef = AC3754E32B20164800E49781 /* CardView.swift */; };
		AC3754E62B20472B00E49781 /* FormView.swift in Sources */ = {isa = PBXBuildFile; fileRef = AC3754E52B20472B00E49781 /* FormView.swift */; };
		AC3754E82B20487B00E49781 /* SettingView.swift in Sources */ = {isa = PBXBuildFile; fileRef = AC3754E72B20487B00E49781 /* SettingView.swift */; };
		AC3993E52BF205B9006B6128 /* AccountView.swift in Sources */ = {isa = PBXBuildFile; fileRef = AC3993E42BF205B9006B6128 /* AccountView.swift */; };
		AC3993E72BF20927006B6128 /* UserRegistrationViewModel.swift in Sources */ = {isa = PBXBuildFile; fileRef = AC3993E62BF20927006B6128 /* UserRegistrationViewModel.swift */; };
		AC3993E92BF21A3D006B6128 /* ActionRestaurantView.swift in Sources */ = {isa = PBXBuildFile; fileRef = AC3993E82BF21A3D006B6128 /* ActionRestaurantView.swift */; };
		AC950DF32BEDF96E004B9D05 /* SettingStore.swift in Sources */ = {isa = PBXBuildFile; fileRef = AC950DF22BEDF96E004B9D05 /* SettingStore.swift */; };
		ACCF451F2B19D62300EFB591 /* ListContentView.swift in Sources */ = {isa = PBXBuildFile; fileRef = ACCF451E2B19D62300EFB591 /* ListContentView.swift */; };
		ACFA28492B1DA5CB0044145F /* Article.swift in Sources */ = {isa = PBXBuildFile; fileRef = ACFA28482B1DA5CB0044145F /* Article.swift */; };
		ACFA28502B1DC81B0044145F /* Restaurant.swift in Sources */ = {isa = PBXBuildFile; fileRef = ACFA284F2B1DC81B0044145F /* Restaurant.swift */; };
		ACFA28522B1DC8830044145F /* Temp.swift in Sources */ = {isa = PBXBuildFile; fileRef = ACFA28512B1DC8830044145F /* Temp.swift */; };
/* End PBXBuildFile section */

/* Begin PBXFileReference section */
		219DA7BD296D62BC00560846 /* SwiftUIDemo.app */ = {isa = PBXFileReference; explicitFileType = wrapper.application; includeInIndex = 0; path = SwiftUIDemo.app; sourceTree = BUILT_PRODUCTS_DIR; };
		219DA7C0296D62BC00560846 /* SwiftUIDemoApp.swift */ = {isa = PBXFileReference; lastKnownFileType = sourcecode.swift; path = SwiftUIDemoApp.swift; sourceTree = "<group>"; };
		219DA7C2296D62BC00560846 /* ContentView.swift */ = {isa = PBXFileReference; lastKnownFileType = sourcecode.swift; path = ContentView.swift; sourceTree = "<group>"; };
		219DA7C4296D62BF00560846 /* Assets.xcassets */ = {isa = PBXFileReference; lastKnownFileType = folder.assetcatalog; path = Assets.xcassets; sourceTree = "<group>"; };
		219DA7C7296D62BF00560846 /* Preview Assets.xcassets */ = {isa = PBXFileReference; lastKnownFileType = folder.assetcatalog; path = "Preview Assets.xcassets"; sourceTree = "<group>"; };
		219DA7CF296E4CD600560846 /* Nunito-Regular.ttf */ = {isa = PBXFileReference; lastKnownFileType = file; path = "Nunito-Regular.ttf"; sourceTree = "<group>"; };
		219DA7D1296E4D6700560846 /* Info.plist */ = {isa = PBXFileReference; lastKnownFileType = text.plist; path = Info.plist; sourceTree = "<group>"; };
		219DA7D2296E4E2200560846 /* MoonDance-Regular.ttf */ = {isa = PBXFileReference; lastKnownFileType = file; path = "MoonDance-Regular.ttf"; sourceTree = "<group>"; };
		AC06C65C2B1EF7300094FB71 /* TransitionView.swift */ = {isa = PBXFileReference; lastKnownFileType = sourcecode.swift; path = TransitionView.swift; sourceTree = "<group>"; };
		AC3754E32B20164800E49781 /* CardView.swift */ = {isa = PBXFileReference; lastKnownFileType = sourcecode.swift; path = CardView.swift; sourceTree = "<group>"; };
		AC3754E52B20472B00E49781 /* FormView.swift */ = {isa = PBXFileReference; lastKnownFileType = sourcecode.swift; path = FormView.swift; sourceTree = "<group>"; };
		AC3754E72B20487B00E49781 /* SettingView.swift */ = {isa = PBXFileReference; lastKnownFileType = sourcecode.swift; path = SettingView.swift; sourceTree = "<group>"; };
		AC3993E42BF205B9006B6128 /* AccountView.swift */ = {isa = PBXFileReference; lastKnownFileType = sourcecode.swift; path = AccountView.swift; sourceTree = "<group>"; };
		AC3993E62BF20927006B6128 /* UserRegistrationViewModel.swift */ = {isa = PBXFileReference; lastKnownFileType = sourcecode.swift; path = UserRegistrationViewModel.swift; sourceTree = "<group>"; };
		AC3993E82BF21A3D006B6128 /* ActionRestaurantView.swift */ = {isa = PBXFileReference; lastKnownFileType = sourcecode.swift; path = ActionRestaurantView.swift; sourceTree = "<group>"; };
		AC950DF22BEDF96E004B9D05 /* SettingStore.swift */ = {isa = PBXFileReference; lastKnownFileType = sourcecode.swift; path = SettingStore.swift; sourceTree = "<group>"; };
		ACCF451E2B19D62300EFB591 /* ListContentView.swift */ = {isa = PBXFileReference; lastKnownFileType = sourcecode.swift; path = ListContentView.swift; sourceTree = "<group>"; };
		ACFA28482B1DA5CB0044145F /* Article.swift */ = {isa = PBXFileReference; lastKnownFileType = sourcecode.swift; path = Article.swift; sourceTree = "<group>"; };
		ACFA284F2B1DC81B0044145F /* Restaurant.swift */ = {isa = PBXFileReference; lastKnownFileType = sourcecode.swift; path = Restaurant.swift; sourceTree = "<group>"; };
		ACFA28512B1DC8830044145F /* Temp.swift */ = {isa = PBXFileReference; lastKnownFileType = sourcecode.swift; path = Temp.swift; sourceTree = "<group>"; };
/* End PBXFileReference section */

/* Begin PBXFrameworksBuildPhase section */
		219DA7BA296D62BC00560846 /* Frameworks */ = {
			isa = PBXFrameworksBuildPhase;
			buildActionMask = 2147483647;
			files = (
			);
			runOnlyForDeploymentPostprocessing = 0;
		};
/* End PBXFrameworksBuildPhase section */

/* Begin PBXGroup section */
		219DA7B4296D62BC00560846 = {
			isa = PBXGroup;
			children = (
				219DA7BF296D62BC00560846 /* SwiftUIDemo */,
				219DA7BE296D62BC00560846 /* Products */,
			);
			sourceTree = "<group>";
		};
		219DA7BE296D62BC00560846 /* Products */ = {
			isa = PBXGroup;
			children = (
				219DA7BD296D62BC00560846 /* SwiftUIDemo.app */,
			);
			name = Products;
			sourceTree = "<group>";
		};
		219DA7BF296D62BC00560846 /* SwiftUIDemo */ = {
			isa = PBXGroup;
			children = (
				219DA7D1296E4D6700560846 /* Info.plist */,
				219DA7CE296E4CAE00560846 /* Fonts */,
				219DA7C0296D62BC00560846 /* SwiftUIDemoApp.swift */,
				ACCF451E2B19D62300EFB591 /* ListContentView.swift */,
				219DA7C2296D62BC00560846 /* ContentView.swift */,
				AC06C65C2B1EF7300094FB71 /* TransitionView.swift */,
				ACFA28482B1DA5CB0044145F /* Article.swift */,
				ACFA284F2B1DC81B0044145F /* Restaurant.swift */,
				219DA7C4296D62BF00560846 /* Assets.xcassets */,
				219DA7C6296D62BF00560846 /* Preview Content */,
				ACFA28512B1DC8830044145F /* Temp.swift */,
				AC3754E32B20164800E49781 /* CardView.swift */,
				AC3754E52B20472B00E49781 /* FormView.swift */,
				AC3754E72B20487B00E49781 /* SettingView.swift */,
				AC950DF22BEDF96E004B9D05 /* SettingStore.swift */,
				AC3993E42BF205B9006B6128 /* AccountView.swift */,
				AC3993E62BF20927006B6128 /* UserRegistrationViewModel.swift */,
				AC3993E82BF21A3D006B6128 /* ActionRestaurantView.swift */,
			);
			path = SwiftUIDemo;
			sourceTree = "<group>";
		};
		219DA7C6296D62BF00560846 /* Preview Content */ = {
			isa = PBXGroup;
			children = (
				219DA7C7296D62BF00560846 /* Preview Assets.xcassets */,
			);
			path = "Preview Content";
			sourceTree = "<group>";
		};
		219DA7CE296E4CAE00560846 /* Fonts */ = {
			isa = PBXGroup;
			children = (
				219DA7CF296E4CD600560846 /* Nunito-Regular.ttf */,
				219DA7D2296E4E2200560846 /* MoonDance-Regular.ttf */,
			);
			path = Fonts;
			sourceTree = "<group>";
		};
/* End PBXGroup section */

/* Begin PBXNativeTarget section */
		219DA7BC296D62BC00560846 /* SwiftUIDemo */ = {
			isa = PBXNativeTarget;
			buildConfigurationList = 219DA7CB296D62BF00560846 /* Build configuration list for PBXNativeTarget "SwiftUIDemo" */;
			buildPhases = (
				219DA7B9296D62BC00560846 /* Sources */,
				219DA7BA296D62BC00560846 /* Frameworks */,
				219DA7BB296D62BC00560846 /* Resources */,
			);
			buildRules = (
			);
			dependencies = (
			);
			name = SwiftUIDemo;
			productName = SwiftUIDemo;
			productReference = 219DA7BD296D62BC00560846 /* SwiftUIDemo.app */;
			productType = "com.apple.product-type.application";
		};
/* End PBXNativeTarget section */

/* Begin PBXProject section */
		219DA7B5296D62BC00560846 /* Project object */ = {
			isa = PBXProject;
			attributes = {
				BuildIndependentTargetsInParallel = 1;
				LastSwiftUpdateCheck = 1410;
				LastUpgradeCheck = 1410;
				TargetAttributes = {
					219DA7BC296D62BC00560846 = {
						CreatedOnToolsVersion = 14.1;
					};
				};
			};
			buildConfigurationList = 219DA7B8296D62BC00560846 /* Build configuration list for PBXProject "SwiftUIDemo" */;
			compatibilityVersion = "Xcode 14.0";
			developmentRegion = en;
			hasScannedForEncodings = 0;
			knownRegions = (
				en,
				Base,
			);
			mainGroup = 219DA7B4296D62BC00560846;
			productRefGroup = 219DA7BE296D62BC00560846 /* Products */;
			projectDirPath = "";
			projectRoot = "";
			targets = (
				219DA7BC296D62BC00560846 /* SwiftUIDemo */,
			);
		};
/* End PBXProject section */

/* Begin PBXResourcesBuildPhase section */
		219DA7BB296D62BC00560846 /* Resources */ = {
			isa = PBXResourcesBuildPhase;
			buildActionMask = 2147483647;
			files = (
				219DA7D3296E4E2200560846 /* MoonDance-Regular.ttf in Resources */,
				219DA7D0296E4CFB00560846 /* Nunito-Regular.ttf in Resources */,
				219DA7C8296D62BF00560846 /* Preview Assets.xcassets in Resources */,
				219DA7C5296D62BF00560846 /* Assets.xcassets in Resources */,
			);
			runOnlyForDeploymentPostprocessing = 0;
		};
/* End PBXResourcesBuildPhase section */

/* Begin PBXSourcesBuildPhase section */
		219DA7B9296D62BC00560846 /* Sources */ = {
			isa = PBXSourcesBuildPhase;
			buildActionMask = 2147483647;
			files = (
				AC3993E52BF205B9006B6128 /* AccountView.swift in Sources */,
				ACFA28502B1DC81B0044145F /* Restaurant.swift in Sources */,
				AC3754E82B20487B00E49781 /* SettingView.swift in Sources */,
				ACFA28492B1DA5CB0044145F /* Article.swift in Sources */,
				ACCF451F2B19D62300EFB591 /* ListContentView.swift in Sources */,
				AC3993E92BF21A3D006B6128 /* ActionRestaurantView.swift in Sources */,
				AC06C65D2B1EF7310094FB71 /* TransitionView.swift in Sources */,
				219DA7C3296D62BC00560846 /* ContentView.swift in Sources */,
				219DA7C1296D62BC00560846 /* SwiftUIDemoApp.swift in Sources */,
				AC3754E62B20472B00E49781 /* FormView.swift in Sources */,
				AC3754E42B20164800E49781 /* CardView.swift in Sources */,
				AC950DF32BEDF96E004B9D05 /* SettingStore.swift in Sources */,
				AC3993E72BF20927006B6128 /* UserRegistrationViewModel.swift in Sources */,
				ACFA28522B1DC8830044145F /* Temp.swift in Sources */,
			);
			runOnlyForDeploymentPostprocessing = 0;
		};
/* End PBXSourcesBuildPhase section */

/* Begin XCBuildConfiguration section */
		219DA7C9296D62BF00560846 /* Debug */ = {
			isa = XCBuildConfiguration;
			buildSettings = {
				ALWAYS_SEARCH_USER_PATHS = NO;
				CLANG_ANALYZER_NONNULL = YES;
				CLANG_ANALYZER_NUMBER_OBJECT_CONVERSION = YES_AGGRESSIVE;
				CLANG_CXX_LANGUAGE_STANDARD = "gnu++20";
				CLANG_ENABLE_MODULES = YES;
				CLANG_ENABLE_OBJC_ARC = YES;
				CLANG_ENABLE_OBJC_WEAK = YES;
				CLANG_WARN_BLOCK_CAPTURE_AUTORELEASING = YES;
				CLANG_WARN_BOOL_CONVERSION = YES;
				CLANG_WARN_COMMA = YES;
				CLANG_WARN_CONSTANT_CONVERSION = YES;
				CLANG_WARN_DEPRECATED_OBJC_IMPLEMENTATIONS = YES;
				CLANG_WARN_DIRECT_OBJC_ISA_USAGE = YES_ERROR;
				CLANG_WARN_DOCUMENTATION_COMMENTS = YES;
				CLANG_WARN_EMPTY_BODY = YES;
				CLANG_WARN_ENUM_CONVERSION = YES;
				CLANG_WARN_INFINITE_RECURSION = YES;
				CLANG_WARN_INT_CONVERSION = YES;
				CLANG_WARN_NON_LITERAL_NULL_CONVERSION = YES;
				CLANG_WARN_OBJC_IMPLICIT_RETAIN_SELF = YES;
				CLANG_WARN_OBJC_LITERAL_CONVERSION = YES;
				CLANG_WARN_OBJC_ROOT_CLASS = YES_ERROR;
				CLANG_WARN_QUOTED_INCLUDE_IN_FRAMEWORK_HEADER = YES;
				CLANG_WARN_RANGE_LOOP_ANALYSIS = YES;
				CLANG_WARN_STRICT_PROTOTYPES = YES;
				CLANG_WARN_SUSPICIOUS_MOVE = YES;
				CLANG_WARN_UNGUARDED_AVAILABILITY = YES_AGGRESSIVE;
				CLANG_WARN_UNREACHABLE_CODE = YES;
				CLANG_WARN__DUPLICATE_METHOD_MATCH = YES;
				COPY_PHASE_STRIP = NO;
				DEBUG_INFORMATION_FORMAT = dwarf;
				ENABLE_STRICT_OBJC_MSGSEND = YES;
				ENABLE_TESTABILITY = YES;
				GCC_C_LANGUAGE_STANDARD = gnu11;
				GCC_DYNAMIC_NO_PIC = NO;
				GCC_NO_COMMON_BLOCKS = YES;
				GCC_OPTIMIZATION_LEVEL = 0;
				GCC_PREPROCESSOR_DEFINITIONS = (
					"DEBUG=1",
					"$(inherited)",
				);
				GCC_WARN_64_TO_32_BIT_CONVERSION = YES;
				GCC_WARN_ABOUT_RETURN_TYPE = YES_ERROR;
				GCC_WARN_UNDECLARED_SELECTOR = YES;
				GCC_WARN_UNINITIALIZED_AUTOS = YES_AGGRESSIVE;
				GCC_WARN_UNUSED_FUNCTION = YES;
				GCC_WARN_UNUSED_VARIABLE = YES;
				IPHONEOS_DEPLOYMENT_TARGET = 15.0;
				MTL_ENABLE_DEBUG_INFO = INCLUDE_SOURCE;
				MTL_FAST_MATH = YES;
				ONLY_ACTIVE_ARCH = YES;
				SDKROOT = iphoneos;
				SWIFT_ACTIVE_COMPILATION_CONDITIONS = DEBUG;
				SWIFT_OPTIMIZATION_LEVEL = "-Onone";
			};
			name = Debug;
		};
		219DA7CA296D62BF00560846 /* Release */ = {
			isa = XCBuildConfiguration;
			buildSettings = {
				ALWAYS_SEARCH_USER_PATHS = NO;
				CLANG_ANALYZER_NONNULL = YES;
				CLANG_ANALYZER_NUMBER_OBJECT_CONVERSION = YES_AGGRESSIVE;
				CLANG_CXX_LANGUAGE_STANDARD = "gnu++20";
				CLANG_ENABLE_MODULES = YES;
				CLANG_ENABLE_OBJC_ARC = YES;
				CLANG_ENABLE_OBJC_WEAK = YES;
				CLANG_WARN_BLOCK_CAPTURE_AUTORELEASING = YES;
				CLANG_WARN_BOOL_CONVERSION = YES;
				CLANG_WARN_COMMA = YES;
				CLANG_WARN_CONSTANT_CONVERSION = YES;
				CLANG_WARN_DEPRECATED_OBJC_IMPLEMENTATIONS = YES;
				CLANG_WARN_DIRECT_OBJC_ISA_USAGE = YES_ERROR;
				CLANG_WARN_DOCUMENTATION_COMMENTS = YES;
				CLANG_WARN_EMPTY_BODY = YES;
				CLANG_WARN_ENUM_CONVERSION = YES;
				CLANG_WARN_INFINITE_RECURSION = YES;
				CLANG_WARN_INT_CONVERSION = YES;
				CLANG_WARN_NON_LITERAL_NULL_CONVERSION = YES;
				CLANG_WARN_OBJC_IMPLICIT_RETAIN_SELF = YES;
				CLANG_WARN_OBJC_LITERAL_CONVERSION = YES;
				CLANG_WARN_OBJC_ROOT_CLASS = YES_ERROR;
				CLANG_WARN_QUOTED_INCLUDE_IN_FRAMEWORK_HEADER = YES;
				CLANG_WARN_RANGE_LOOP_ANALYSIS = YES;
				CLANG_WARN_STRICT_PROTOTYPES = YES;
				CLANG_WARN_SUSPICIOUS_MOVE = YES;
				CLANG_WARN_UNGUARDED_AVAILABILITY = YES_AGGRESSIVE;
				CLANG_WARN_UNREACHABLE_CODE = YES;
				CLANG_WARN__DUPLICATE_METHOD_MATCH = YES;
				COPY_PHASE_STRIP = NO;
				DEBUG_INFORMATION_FORMAT = "dwarf-with-dsym";
				ENABLE_NS_ASSERTIONS = NO;
				ENABLE_STRICT_OBJC_MSGSEND = YES;
				GCC_C_LANGUAGE_STANDARD = gnu11;
				GCC_NO_COMMON_BLOCKS = YES;
				GCC_WARN_64_TO_32_BIT_CONVERSION = YES;
				GCC_WARN_ABOUT_RETURN_TYPE = YES_ERROR;
				GCC_WARN_UNDECLARED_SELECTOR = YES;
				GCC_WARN_UNINITIALIZED_AUTOS = YES_AGGRESSIVE;
				GCC_WARN_UNUSED_FUNCTION = YES;
				GCC_WARN_UNUSED_VARIABLE = YES;
				IPHONEOS_DEPLOYMENT_TARGET = 15.0;
				MTL_ENABLE_DEBUG_INFO = NO;
				MTL_FAST_MATH = YES;
				SDKROOT = iphoneos;
				SWIFT_COMPILATION_MODE = wholemodule;
				SWIFT_OPTIMIZATION_LEVEL = "-O";
				VALIDATE_PRODUCT = YES;
			};
			name = Release;
		};
		219DA7CC296D62BF00560846 /* Debug */ = {
			isa = XCBuildConfiguration;
			buildSettings = {
				ASSETCATALOG_COMPILER_APPICON_NAME = AppIcon;
				ASSETCATALOG_COMPILER_GLOBAL_ACCENT_COLOR_NAME = AccentColor;
				CODE_SIGN_STYLE = Automatic;
				CURRENT_PROJECT_VERSION = 1;
				DEVELOPMENT_ASSET_PATHS = "\"SwiftUIDemo/Preview Content\"";
				DEVELOPMENT_TEAM = J5LQ4WHKLZ;
				ENABLE_PREVIEWS = YES;
				GENERATE_INFOPLIST_FILE = YES;
				INFOPLIST_FILE = SwiftUIDemo/Info.plist;
				INFOPLIST_KEY_UIApplicationSceneManifest_Generation = YES;
				INFOPLIST_KEY_UIApplicationSupportsIndirectInputEvents = YES;
				INFOPLIST_KEY_UILaunchScreen_Generation = YES;
				INFOPLIST_KEY_UISupportedInterfaceOrientations_iPad = "Nunito-Regular.ttf";
				INFOPLIST_KEY_UISupportedInterfaceOrientations_iPhone = "UIInterfaceOrientationPortrait UIInterfaceOrientationLandscapeLeft UIInterfaceOrientationLandscapeRight";
				IPHONEOS_DEPLOYMENT_TARGET = 15.0;
				LD_RUNPATH_SEARCH_PATHS = (
					"$(inherited)",
					"@executable_path/Frameworks",
				);
				MARKETING_VERSION = 1.0;
				PRODUCT_BUNDLE_IDENTIFIER = com.lawrence.SwiftUIDemo;
				PRODUCT_NAME = "$(TARGET_NAME)";
				SWIFT_EMIT_LOC_STRINGS = YES;
				SWIFT_VERSION = 5.0;
				TARGETED_DEVICE_FAMILY = "1,2";
			};
			name = Debug;
		};
		219DA7CD296D62BF00560846 /* Release */ = {
			isa = XCBuildConfiguration;
			buildSettings = {
				ASSETCATALOG_COMPILER_APPICON_NAME = AppIcon;
				ASSETCATALOG_COMPILER_GLOBAL_ACCENT_COLOR_NAME = AccentColor;
				CODE_SIGN_STYLE = Automatic;
				CURRENT_PROJECT_VERSION = 1;
				DEVELOPMENT_ASSET_PATHS = "\"SwiftUIDemo/Preview Content\"";
				DEVELOPMENT_TEAM = J5LQ4WHKLZ;
				ENABLE_PREVIEWS = YES;
				GENERATE_INFOPLIST_FILE = YES;
				INFOPLIST_FILE = SwiftUIDemo/Info.plist;
				INFOPLIST_KEY_UIApplicationSceneManifest_Generation = YES;
				INFOPLIST_KEY_UIApplicationSupportsIndirectInputEvents = YES;
				INFOPLIST_KEY_UILaunchScreen_Generation = YES;
				INFOPLIST_KEY_UISupportedInterfaceOrientations_iPad = "Nunito-Regular.ttf";
				INFOPLIST_KEY_UISupportedInterfaceOrientations_iPhone = "UIInterfaceOrientationPortrait UIInterfaceOrientationLandscapeLeft UIInterfaceOrientationLandscapeRight";
				IPHONEOS_DEPLOYMENT_TARGET = 15.0;
				LD_RUNPATH_SEARCH_PATHS = (
					"$(inherited)",
					"@executable_path/Frameworks",
				);
				MARKETING_VERSION = 1.0;
				PRODUCT_BUNDLE_IDENTIFIER = com.lawrence.SwiftUIDemo;
				PRODUCT_NAME = "$(TARGET_NAME)";
				SWIFT_EMIT_LOC_STRINGS = YES;
				SWIFT_VERSION = 5.0;
				TARGETED_DEVICE_FAMILY = "1,2";
			};
			name = Release;
		};
/* End XCBuildConfiguration section */

/* Begin XCConfigurationList section */
		219DA7B8296D62BC00560846 /* Build configuration list for PBXProject "SwiftUIDemo" */ = {
			isa = XCConfigurationList;
			buildConfigurations = (
				219DA7C9296D62BF00560846 /* Debug */,
				219DA7CA296D62BF00560846 /* Release */,
			);
			defaultConfigurationIsVisible = 0;
			defaultConfigurationName = Release;
		};
		219DA7CB296D62BF00560846 /* Build configuration list for PBXNativeTarget "SwiftUIDemo" */ = {
			isa = XCConfigurationList;
			buildConfigurations = (
				219DA7CC296D62BF00560846 /* Debug */,
				219DA7CD296D62BF00560846 /* Release */,
			);
			defaultConfigurationIsVisible = 0;
			defaultConfigurationName = Release;
		};
/* End XCConfigurationList section */
	};
	rootObject = 219DA7B5296D62BC00560846 /* Project object */;
}
