// !$*UTF8*$!
{
	archiveVersion = 1;
	classes = {
	};
	objectVersion = 56;
	objects = {

/* Begin PBXBuildFile section */
		219DA7C1296D62BC00560846 /* SwiftUIDemoApp.swift in Sources */ = {isa = PBXBuildFile; fileRef = 219DA7C0296D62BC00560846 /* SwiftUIDemoApp.swift */; };
		219DA7C5296D62BF00560846 /* Assets.xcassets in Resources */ = {isa = PBXBuildFile; fileRef = 219DA7C4296D62BF00560846 /* Assets.xcassets */; };
		219DA7C8296D62BF00560846 /* Preview Assets.xcassets in Resources */ = {isa = PBXBuildFile; fileRef = 219DA7C7296D62BF00560846 /* Preview Assets.xcassets */; };
		219DA7D0296E4CFB00560846 /* Nunito-Regular.ttf in Resources */ = {isa = PBXBuildFile; fileRef = 219DA7CF296E4CD600560846 /* Nunito-Regular.ttf */; };
		219DA7D3296E4E2200560846 /* MoonDance-Regular.ttf in Resources */ = {isa = PBXBuildFile; fileRef = 219DA7D2296E4E2200560846 /* MoonDance-Regular.ttf */; };
		AC1829992C325ACF00CDA6F2 /* NavigationDemoView.swift in Sources */ = {isa = PBXBuildFile; fileRef = AC1829982C325ACF00CDA6F2 /* NavigationDemoView.swift */; };
		AC18299B2C32824600CDA6F2 /* NavigationRestaurantView.swift in Sources */ = {isa = PBXBuildFile; fileRef = AC18299A2C32824600CDA6F2 /* NavigationRestaurantView.swift */; };
		AC18299D2C32825200CDA6F2 /* NavigationHomework.swift in Sources */ = {isa = PBXBuildFile; fileRef = AC18299C2C32825200CDA6F2 /* NavigationHomework.swift */; };
		AC1829A02C34032D00CDA6F2 /* AlertDemoView.swift in Sources */ = {isa = PBXBuildFile; fileRef = AC18299F2C34032D00CDA6F2 /* AlertDemoView.swift */; };
		AC21E6A12C17FED6005103D6 /* ContentListView.swift in Sources */ = {isa = PBXBuildFile; fileRef = AC21E6A02C17FED6005103D6 /* ContentListView.swift */; };
		AC21E6A92C17FFD7005103D6 /* ContentData.swift in Sources */ = {isa = PBXBuildFile; fileRef = AC21E6A82C17FFD7005103D6 /* ContentData.swift */; };
		AC21E6B12C1852C0005103D6 /* BaseContainerView.swift in Sources */ = {isa = PBXBuildFile; fileRef = AC21E6B02C1852C0005103D6 /* BaseContainerView.swift */; };
		AC3754E42B20164800E49781 /* CardView.swift in Sources */ = {isa = PBXBuildFile; fileRef = AC3754E32B20164800E49781 /* CardView.swift */; };
		AC3754E82B20487B00E49781 /* SettingView.swift in Sources */ = {isa = PBXBuildFile; fileRef = AC3754E72B20487B00E49781 /* SettingView.swift */; };
		AC3993E52BF205B9006B6128 /* AccountView.swift in Sources */ = {isa = PBXBuildFile; fileRef = AC3993E42BF205B9006B6128 /* AccountView.swift */; };
		AC3993E72BF20927006B6128 /* UserRegistrationViewModel.swift in Sources */ = {isa = PBXBuildFile; fileRef = AC3993E62BF20927006B6128 /* UserRegistrationViewModel.swift */; };
		AC3993E92BF21A3D006B6128 /* ActionRestaurantView.swift in Sources */ = {isa = PBXBuildFile; fileRef = AC3993E82BF21A3D006B6128 /* ActionRestaurantView.swift */; };
		AC3B3D372C1C349E005A3B38 /* StackDemoView.swift in Sources */ = {isa = PBXBuildFile; fileRef = AC3B3D362C1C349E005A3B38 /* StackDemoView.swift */; };
		AC65C5A42C217470003A7BC8 /* StateDemoView.swift in Sources */ = {isa = PBXBuildFile; fileRef = AC65C5A32C217470003A7BC8 /* StateDemoView.swift */; };
		AC65C5A72C218C93003A7BC8 /* ShapeDemoView.swift in Sources */ = {isa = PBXBuildFile; fileRef = AC65C5A62C218C93003A7BC8 /* ShapeDemoView.swift */; };
		AC65C5A92C24062B003A7BC8 /* DomeShape.swift in Sources */ = {isa = PBXBuildFile; fileRef = AC65C5A82C24062B003A7BC8 /* DomeShape.swift */; };
		AC65C5AB2C240B33003A7BC8 /* ProgressShape.swift in Sources */ = {isa = PBXBuildFile; fileRef = AC65C5AA2C240B33003A7BC8 /* ProgressShape.swift */; };
		AC65C5AD2C241369003A7BC8 /* DountChartShape.swift in Sources */ = {isa = PBXBuildFile; fileRef = AC65C5AC2C241369003A7BC8 /* DountChartShape.swift */; };
		AC65C5B02C241894003A7BC8 /* AnimationDemoView.swift in Sources */ = {isa = PBXBuildFile; fileRef = AC65C5AF2C241894003A7BC8 /* AnimationDemoView.swift */; };
		AC65C5B22C241A95003A7BC8 /* ImplicitAnimation.swift in Sources */ = {isa = PBXBuildFile; fileRef = AC65C5B12C241A95003A7BC8 /* ImplicitAnimation.swift */; };
		AC65C5B42C241AA8003A7BC8 /* ExplicitAnimation.swift in Sources */ = {isa = PBXBuildFile; fileRef = AC65C5B32C241AA8003A7BC8 /* ExplicitAnimation.swift */; };
		AC65C5B62C24222C003A7BC8 /* RotationEffectAnimation.swift in Sources */ = {isa = PBXBuildFile; fileRef = AC65C5B52C24222C003A7BC8 /* RotationEffectAnimation.swift */; };
		AC65C5B82C24259C003A7BC8 /* RectangleProgressAnimation.swift in Sources */ = {isa = PBXBuildFile; fileRef = AC65C5B72C24259C003A7BC8 /* RectangleProgressAnimation.swift */; };
		AC65C5BA2C2434B5003A7BC8 /* BaseNavigationBackView.swift in Sources */ = {isa = PBXBuildFile; fileRef = AC65C5B92C2434B4003A7BC8 /* BaseNavigationBackView.swift */; };
		AC65C5BC2C2436BF003A7BC8 /* ProgressIndicatorAnimation.swift in Sources */ = {isa = PBXBuildFile; fileRef = AC65C5BB2C2436BE003A7BC8 /* ProgressIndicatorAnimation.swift */; };
		AC65C5BE2C243771003A7BC8 /* DelayAnimation.swift in Sources */ = {isa = PBXBuildFile; fileRef = AC65C5BD2C243771003A7BC8 /* DelayAnimation.swift */; };
		AC65C5C02C2437A7003A7BC8 /* TransformAnimation.swift in Sources */ = {isa = PBXBuildFile; fileRef = AC65C5BF2C2437A7003A7BC8 /* TransformAnimation.swift */; };
		AC66F3C72C12FD5900E66967 /* GestureView.swift in Sources */ = {isa = PBXBuildFile; fileRef = AC66F3C62C12FD5900E66967 /* GestureView.swift */; };
		AC66F3C92C130EA500E66967 /* DraggableView.swift in Sources */ = {isa = PBXBuildFile; fileRef = AC66F3C82C130EA500E66967 /* DraggableView.swift */; };
		AC6EDB942C19505D0028A6D9 /* IntroView.swift in Sources */ = {isa = PBXBuildFile; fileRef = AC6EDB932C19505D0028A6D9 /* IntroView.swift */; };
		AC6EDB972C1952950028A6D9 /* TextDemoView.swift in Sources */ = {isa = PBXBuildFile; fileRef = AC6EDB962C1952950028A6D9 /* TextDemoView.swift */; };
		AC6EDB9A2C197F1A0028A6D9 /* ImageDemoView.swift in Sources */ = {isa = PBXBuildFile; fileRef = AC6EDB992C197F1A0028A6D9 /* ImageDemoView.swift */; };
		AC874C102C3651F7000FD1D7 /* Chapter13MainView.swift in Sources */ = {isa = PBXBuildFile; fileRef = AC874C0F2C3651F7000FD1D7 /* Chapter13MainView.swift */; };
		AC874C1B2C369C04000FD1D7 /* Chapter14MainView.swift in Sources */ = {isa = PBXBuildFile; fileRef = AC874C1A2C369C04000FD1D7 /* Chapter14MainView.swift */; };
		AC874C1D2C36A676000FD1D7 /* NewSettingView.swift in Sources */ = {isa = PBXBuildFile; fileRef = AC874C1C2C36A676000FD1D7 /* NewSettingView.swift */; };
		AC950DF32BEDF96E004B9D05 /* SettingStore.swift in Sources */ = {isa = PBXBuildFile; fileRef = AC950DF22BEDF96E004B9D05 /* SettingStore.swift */; };
		AC9CC80F2C252EFE00E756B8 /* TransitionDemoView.swift in Sources */ = {isa = PBXBuildFile; fileRef = AC9CC80E2C252EFE00E756B8 /* TransitionDemoView.swift */; };
		AC9CC8152C25617800E756B8 /* TransitionHomeworkOne.swift in Sources */ = {isa = PBXBuildFile; fileRef = AC9CC8142C25617800E756B8 /* TransitionHomeworkOne.swift */; };
		AC9CC8172C25619000E756B8 /* TransitionHomeworkTwo.swift in Sources */ = {isa = PBXBuildFile; fileRef = AC9CC8162C25619000E756B8 /* TransitionHomeworkTwo.swift */; };
		ACD8980D2C200C9100A9840B /* ScrollDemoView.swift in Sources */ = {isa = PBXBuildFile; fileRef = ACD8980C2C200C9100A9840B /* ScrollDemoView.swift */; };
		ACD898102C201A4D00A9840B /* ButtonDemoView.swift in Sources */ = {isa = PBXBuildFile; fileRef = ACD8980F2C201A4D00A9840B /* ButtonDemoView.swift */; };
		ACF52B8E2C2D53A0005ABB07 /* ListDemoView.swift in Sources */ = {isa = PBXBuildFile; fileRef = ACF52B8D2C2D53A0005ABB07 /* ListDemoView.swift */; };
		ACF52B902C2D6E7C005ABB07 /* ListView.swift in Sources */ = {isa = PBXBuildFile; fileRef = ACF52B8F2C2D6E7C005ABB07 /* ListView.swift */; };
		ACF52B922C2D6F4E005ABB07 /* ListHomework.swift in Sources */ = {isa = PBXBuildFile; fileRef = ACF52B912C2D6F4E005ABB07 /* ListHomework.swift */; };
		ACFA28492B1DA5CB0044145F /* Article.swift in Sources */ = {isa = PBXBuildFile; fileRef = ACFA28482B1DA5CB0044145F /* Article.swift */; };
		ACFA28502B1DC81B0044145F /* Restaurant.swift in Sources */ = {isa = PBXBuildFile; fileRef = ACFA284F2B1DC81B0044145F /* Restaurant.swift */; };
/* End PBXBuildFile section */

/* Begin PBXFileReference section */
		219DA7BD296D62BC00560846 /* SwiftUIDemo.app */ = {isa = PBXFileReference; explicitFileType = wrapper.application; includeInIndex = 0; path = SwiftUIDemo.app; sourceTree = BUILT_PRODUCTS_DIR; };
		219DA7C0296D62BC00560846 /* SwiftUIDemoApp.swift */ = {isa = PBXFileReference; lastKnownFileType = sourcecode.swift; path = SwiftUIDemoApp.swift; sourceTree = "<group>"; };
		219DA7C4296D62BF00560846 /* Assets.xcassets */ = {isa = PBXFileReference; lastKnownFileType = folder.assetcatalog; path = Assets.xcassets; sourceTree = "<group>"; };
		219DA7C7296D62BF00560846 /* Preview Assets.xcassets */ = {isa = PBXFileReference; lastKnownFileType = folder.assetcatalog; path = "Preview Assets.xcassets"; sourceTree = "<group>"; };
		219DA7CF296E4CD600560846 /* Nunito-Regular.ttf */ = {isa = PBXFileReference; lastKnownFileType = file; path = "Nunito-Regular.ttf"; sourceTree = "<group>"; };
		219DA7D1296E4D6700560846 /* Info.plist */ = {isa = PBXFileReference; lastKnownFileType = text.plist; path = Info.plist; sourceTree = "<group>"; };
		219DA7D2296E4E2200560846 /* MoonDance-Regular.ttf */ = {isa = PBXFileReference; lastKnownFileType = file; path = "MoonDance-Regular.ttf"; sourceTree = "<group>"; };
		AC1829982C325ACF00CDA6F2 /* NavigationDemoView.swift */ = {isa = PBXFileReference; lastKnownFileType = sourcecode.swift; path = NavigationDemoView.swift; sourceTree = "<group>"; };
		AC18299A2C32824600CDA6F2 /* NavigationRestaurantView.swift */ = {isa = PBXFileReference; lastKnownFileType = sourcecode.swift; path = NavigationRestaurantView.swift; sourceTree = "<group>"; };
		AC18299C2C32825200CDA6F2 /* NavigationHomework.swift */ = {isa = PBXFileReference; lastKnownFileType = sourcecode.swift; path = NavigationHomework.swift; sourceTree = "<group>"; };
		AC18299F2C34032D00CDA6F2 /* AlertDemoView.swift */ = {isa = PBXFileReference; lastKnownFileType = sourcecode.swift; path = AlertDemoView.swift; sourceTree = "<group>"; };
		AC21E6A02C17FED6005103D6 /* ContentListView.swift */ = {isa = PBXFileReference; lastKnownFileType = sourcecode.swift; path = ContentListView.swift; sourceTree = "<group>"; };
		AC21E6A82C17FFD7005103D6 /* ContentData.swift */ = {isa = PBXFileReference; lastKnownFileType = sourcecode.swift; path = ContentData.swift; sourceTree = "<group>"; };
		AC21E6B02C1852C0005103D6 /* BaseContainerView.swift */ = {isa = PBXFileReference; lastKnownFileType = sourcecode.swift; path = BaseContainerView.swift; sourceTree = "<group>"; };
		AC3754E32B20164800E49781 /* CardView.swift */ = {isa = PBXFileReference; lastKnownFileType = sourcecode.swift; path = CardView.swift; sourceTree = "<group>"; };
		AC3754E72B20487B00E49781 /* SettingView.swift */ = {isa = PBXFileReference; lastKnownFileType = sourcecode.swift; path = SettingView.swift; sourceTree = "<group>"; };
		AC3993E42BF205B9006B6128 /* AccountView.swift */ = {isa = PBXFileReference; lastKnownFileType = sourcecode.swift; path = AccountView.swift; sourceTree = "<group>"; };
		AC3993E62BF20927006B6128 /* UserRegistrationViewModel.swift */ = {isa = PBXFileReference; lastKnownFileType = sourcecode.swift; path = UserRegistrationViewModel.swift; sourceTree = "<group>"; };
		AC3993E82BF21A3D006B6128 /* ActionRestaurantView.swift */ = {isa = PBXFileReference; lastKnownFileType = sourcecode.swift; path = ActionRestaurantView.swift; sourceTree = "<group>"; };
		AC3B3D362C1C349E005A3B38 /* StackDemoView.swift */ = {isa = PBXFileReference; lastKnownFileType = sourcecode.swift; path = StackDemoView.swift; sourceTree = "<group>"; };
		AC65C5A32C217470003A7BC8 /* StateDemoView.swift */ = {isa = PBXFileReference; lastKnownFileType = sourcecode.swift; path = StateDemoView.swift; sourceTree = "<group>"; };
		AC65C5A62C218C93003A7BC8 /* ShapeDemoView.swift */ = {isa = PBXFileReference; lastKnownFileType = sourcecode.swift; path = ShapeDemoView.swift; sourceTree = "<group>"; };
		AC65C5A82C24062B003A7BC8 /* DomeShape.swift */ = {isa = PBXFileReference; lastKnownFileType = sourcecode.swift; path = DomeShape.swift; sourceTree = "<group>"; };
		AC65C5AA2C240B33003A7BC8 /* ProgressShape.swift */ = {isa = PBXFileReference; lastKnownFileType = sourcecode.swift; path = ProgressShape.swift; sourceTree = "<group>"; };
		AC65C5AC2C241369003A7BC8 /* DountChartShape.swift */ = {isa = PBXFileReference; lastKnownFileType = sourcecode.swift; path = DountChartShape.swift; sourceTree = "<group>"; };
		AC65C5AF2C241894003A7BC8 /* AnimationDemoView.swift */ = {isa = PBXFileReference; lastKnownFileType = sourcecode.swift; path = AnimationDemoView.swift; sourceTree = "<group>"; };
		AC65C5B12C241A95003A7BC8 /* ImplicitAnimation.swift */ = {isa = PBXFileReference; lastKnownFileType = sourcecode.swift; path = ImplicitAnimation.swift; sourceTree = "<group>"; };
		AC65C5B32C241AA8003A7BC8 /* ExplicitAnimation.swift */ = {isa = PBXFileReference; lastKnownFileType = sourcecode.swift; path = ExplicitAnimation.swift; sourceTree = "<group>"; };
		AC65C5B52C24222C003A7BC8 /* RotationEffectAnimation.swift */ = {isa = PBXFileReference; lastKnownFileType = sourcecode.swift; path = RotationEffectAnimation.swift; sourceTree = "<group>"; };
		AC65C5B72C24259C003A7BC8 /* RectangleProgressAnimation.swift */ = {isa = PBXFileReference; lastKnownFileType = sourcecode.swift; path = RectangleProgressAnimation.swift; sourceTree = "<group>"; };
		AC65C5B92C2434B4003A7BC8 /* BaseNavigationBackView.swift */ = {isa = PBXFileReference; lastKnownFileType = sourcecode.swift; path = BaseNavigationBackView.swift; sourceTree = "<group>"; };
		AC65C5BB2C2436BE003A7BC8 /* ProgressIndicatorAnimation.swift */ = {isa = PBXFileReference; lastKnownFileType = sourcecode.swift; path = ProgressIndicatorAnimation.swift; sourceTree = "<group>"; };
		AC65C5BD2C243771003A7BC8 /* DelayAnimation.swift */ = {isa = PBXFileReference; lastKnownFileType = sourcecode.swift; path = DelayAnimation.swift; sourceTree = "<group>"; };
		AC65C5BF2C2437A7003A7BC8 /* TransformAnimation.swift */ = {isa = PBXFileReference; lastKnownFileType = sourcecode.swift; path = TransformAnimation.swift; sourceTree = "<group>"; };
		AC66F3C62C12FD5900E66967 /* GestureView.swift */ = {isa = PBXFileReference; lastKnownFileType = sourcecode.swift; path = GestureView.swift; sourceTree = "<group>"; };
		AC66F3C82C130EA500E66967 /* DraggableView.swift */ = {isa = PBXFileReference; lastKnownFileType = sourcecode.swift; path = DraggableView.swift; sourceTree = "<group>"; };
		AC6EDB932C19505D0028A6D9 /* IntroView.swift */ = {isa = PBXFileReference; lastKnownFileType = sourcecode.swift; path = IntroView.swift; sourceTree = "<group>"; };
		AC6EDB962C1952950028A6D9 /* TextDemoView.swift */ = {isa = PBXFileReference; lastKnownFileType = sourcecode.swift; path = TextDemoView.swift; sourceTree = "<group>"; };
		AC6EDB992C197F1A0028A6D9 /* ImageDemoView.swift */ = {isa = PBXFileReference; lastKnownFileType = sourcecode.swift; path = ImageDemoView.swift; sourceTree = "<group>"; };
		AC874C0F2C3651F7000FD1D7 /* Chapter13MainView.swift */ = {isa = PBXFileReference; lastKnownFileType = sourcecode.swift; path = Chapter13MainView.swift; sourceTree = "<group>"; };
		AC874C1A2C369C04000FD1D7 /* Chapter14MainView.swift */ = {isa = PBXFileReference; lastKnownFileType = sourcecode.swift; path = Chapter14MainView.swift; sourceTree = "<group>"; };
		AC874C1C2C36A676000FD1D7 /* NewSettingView.swift */ = {isa = PBXFileReference; lastKnownFileType = sourcecode.swift; path = NewSettingView.swift; sourceTree = "<group>"; };
		AC950DF22BEDF96E004B9D05 /* SettingStore.swift */ = {isa = PBXFileReference; lastKnownFileType = sourcecode.swift; path = SettingStore.swift; sourceTree = "<group>"; };
		AC9CC80E2C252EFE00E756B8 /* TransitionDemoView.swift */ = {isa = PBXFileReference; lastKnownFileType = sourcecode.swift; path = TransitionDemoView.swift; sourceTree = "<group>"; };
		AC9CC8142C25617800E756B8 /* TransitionHomeworkOne.swift */ = {isa = PBXFileReference; lastKnownFileType = sourcecode.swift; path = TransitionHomeworkOne.swift; sourceTree = "<group>"; };
		AC9CC8162C25619000E756B8 /* TransitionHomeworkTwo.swift */ = {isa = PBXFileReference; lastKnownFileType = sourcecode.swift; path = TransitionHomeworkTwo.swift; sourceTree = "<group>"; };
		ACD8980C2C200C9100A9840B /* ScrollDemoView.swift */ = {isa = PBXFileReference; lastKnownFileType = sourcecode.swift; path = ScrollDemoView.swift; sourceTree = "<group>"; };
		ACD8980F2C201A4D00A9840B /* ButtonDemoView.swift */ = {isa = PBXFileReference; lastKnownFileType = sourcecode.swift; path = ButtonDemoView.swift; sourceTree = "<group>"; };
		ACF52B8D2C2D53A0005ABB07 /* ListDemoView.swift */ = {isa = PBXFileReference; lastKnownFileType = sourcecode.swift; path = ListDemoView.swift; sourceTree = "<group>"; };
		ACF52B8F2C2D6E7C005ABB07 /* ListView.swift */ = {isa = PBXFileReference; lastKnownFileType = sourcecode.swift; path = ListView.swift; sourceTree = "<group>"; };
		ACF52B912C2D6F4E005ABB07 /* ListHomework.swift */ = {isa = PBXFileReference; lastKnownFileType = sourcecode.swift; path = ListHomework.swift; sourceTree = "<group>"; };
		ACFA28482B1DA5CB0044145F /* Article.swift */ = {isa = PBXFileReference; lastKnownFileType = sourcecode.swift; path = Article.swift; sourceTree = "<group>"; };
		ACFA284F2B1DC81B0044145F /* Restaurant.swift */ = {isa = PBXFileReference; lastKnownFileType = sourcecode.swift; path = Restaurant.swift; sourceTree = "<group>"; };
/* End PBXFileReference section */

/* Begin PBXFrameworksBuildPhase section */
		219DA7BA296D62BC00560846 /* Frameworks */ = {
			isa = PBXFrameworksBuildPhase;
			buildActionMask = 2147483647;
			files = (
			);
			runOnlyForDeploymentPostprocessing = 0;
		};
/* End PBXFrameworksBuildPhase section */

/* Begin PBXGroup section */
		219DA7B4296D62BC00560846 = {
			isa = PBXGroup;
			children = (
				219DA7BF296D62BC00560846 /* SwiftUIDemo */,
				219DA7BE296D62BC00560846 /* Products */,
			);
			sourceTree = "<group>";
		};
		219DA7BE296D62BC00560846 /* Products */ = {
			isa = PBXGroup;
			children = (
				219DA7BD296D62BC00560846 /* SwiftUIDemo.app */,
			);
			name = Products;
			sourceTree = "<group>";
		};
		219DA7BF296D62BC00560846 /* SwiftUIDemo */ = {
			isa = PBXGroup;
			children = (
				219DA7C0296D62BC00560846 /* SwiftUIDemoApp.swift */,
				AC21E6AA2C184215005103D6 /* Content */,
				AC21E6AB2C18422E005103D6 /* Chapter1 */,
				AC6EDB952C1950A80028A6D9 /* Chapter2 */,
				AC6EDB982C197EF70028A6D9 /* Chapter3 */,
				AC3B3D352C1C33AC005A3B38 /* Chapter4 */,
				ACD8980B2C200C1500A9840B /* Chapter5 */,
				ACD8980E2C201A2C00A9840B /* Chapter6 */,
				AC65C5A22C217455003A7BC8 /* Chapter7 */,
				AC65C5A52C218C75003A7BC8 /* Chapter8 */,
				AC65C5AE2C241552003A7BC8 /* Chapter9 */,
				ACF52B8C2C2D520D005ABB07 /* Chapter10 */,
				AC1829972C3259C000CDA6F2 /* Chapter11 */,
				AC18299E2C34026800CDA6F2 /* Chapter12 */,
				AC874C0E2C3650A7000FD1D7 /* Chapter13 */,
				AC874C192C369BCC000FD1D7 /* Chapter14 */,
				219DA7D1296E4D6700560846 /* Info.plist */,
				219DA7C4296D62BF00560846 /* Assets.xcassets */,
				219DA7C6296D62BF00560846 /* Preview Content */,
				AC3993E42BF205B9006B6128 /* AccountView.swift */,
				AC3993E62BF20927006B6128 /* UserRegistrationViewModel.swift */,
				AC3993E82BF21A3D006B6128 /* ActionRestaurantView.swift */,
				AC66F3C62C12FD5900E66967 /* GestureView.swift */,
				AC66F3C82C130EA500E66967 /* DraggableView.swift */,
			);
			path = SwiftUIDemo;
			sourceTree = "<group>";
		};
		219DA7C6296D62BF00560846 /* Preview Content */ = {
			isa = PBXGroup;
			children = (
				219DA7C7296D62BF00560846 /* Preview Assets.xcassets */,
			);
			path = "Preview Content";
			sourceTree = "<group>";
		};
		219DA7CE296E4CAE00560846 /* Fonts */ = {
			isa = PBXGroup;
			children = (
				219DA7CF296E4CD600560846 /* Nunito-Regular.ttf */,
				219DA7D2296E4E2200560846 /* MoonDance-Regular.ttf */,
			);
			path = Fonts;
			sourceTree = "<group>";
		};
		AC1829972C3259C000CDA6F2 /* Chapter11 */ = {
			isa = PBXGroup;
			children = (
				AC1829982C325ACF00CDA6F2 /* NavigationDemoView.swift */,
				AC18299A2C32824600CDA6F2 /* NavigationRestaurantView.swift */,
				AC18299C2C32825200CDA6F2 /* NavigationHomework.swift */,
			);
			path = Chapter11;
			sourceTree = "<group>";
		};
		AC18299E2C34026800CDA6F2 /* Chapter12 */ = {
			isa = PBXGroup;
			children = (
				AC18299F2C34032D00CDA6F2 /* AlertDemoView.swift */,
			);
			path = Chapter12;
			sourceTree = "<group>";
		};
		AC21E6AA2C184215005103D6 /* Content */ = {
			isa = PBXGroup;
			children = (
				AC21E6A02C17FED6005103D6 /* ContentListView.swift */,
				AC21E6A82C17FFD7005103D6 /* ContentData.swift */,
				AC21E6B02C1852C0005103D6 /* BaseContainerView.swift */,
				AC65C5B92C2434B4003A7BC8 /* BaseNavigationBackView.swift */,
			);
			path = Content;
			sourceTree = "<group>";
		};
		AC21E6AB2C18422E005103D6 /* Chapter1 */ = {
			isa = PBXGroup;
			children = (
				AC6EDB932C19505D0028A6D9 /* IntroView.swift */,
			);
			path = Chapter1;
			sourceTree = "<group>";
		};
		AC3B3D352C1C33AC005A3B38 /* Chapter4 */ = {
			isa = PBXGroup;
			children = (
				AC3B3D362C1C349E005A3B38 /* StackDemoView.swift */,
			);
			path = Chapter4;
			sourceTree = "<group>";
		};
		AC65C5A22C217455003A7BC8 /* Chapter7 */ = {
			isa = PBXGroup;
			children = (
				AC65C5A32C217470003A7BC8 /* StateDemoView.swift */,
			);
			path = Chapter7;
			sourceTree = "<group>";
		};
		AC65C5A52C218C75003A7BC8 /* Chapter8 */ = {
			isa = PBXGroup;
			children = (
				AC65C5A62C218C93003A7BC8 /* ShapeDemoView.swift */,
				AC65C5A82C24062B003A7BC8 /* DomeShape.swift */,
				AC65C5AA2C240B33003A7BC8 /* ProgressShape.swift */,
				AC65C5AC2C241369003A7BC8 /* DountChartShape.swift */,
			);
			path = Chapter8;
			sourceTree = "<group>";
		};
		AC65C5AE2C241552003A7BC8 /* Chapter9 */ = {
			isa = PBXGroup;
			children = (
				AC65C5AF2C241894003A7BC8 /* AnimationDemoView.swift */,
				AC65C5B12C241A95003A7BC8 /* ImplicitAnimation.swift */,
				AC65C5B32C241AA8003A7BC8 /* ExplicitAnimation.swift */,
				AC65C5B52C24222C003A7BC8 /* RotationEffectAnimation.swift */,
				AC65C5B72C24259C003A7BC8 /* RectangleProgressAnimation.swift */,
				AC65C5BB2C2436BE003A7BC8 /* ProgressIndicatorAnimation.swift */,
				AC65C5BD2C243771003A7BC8 /* DelayAnimation.swift */,
				AC65C5BF2C2437A7003A7BC8 /* TransformAnimation.swift */,
				AC9CC80E2C252EFE00E756B8 /* TransitionDemoView.swift */,
				AC9CC8142C25617800E756B8 /* TransitionHomeworkOne.swift */,
				AC9CC8162C25619000E756B8 /* TransitionHomeworkTwo.swift */,
			);
			path = Chapter9;
			sourceTree = "<group>";
		};
		AC6EDB952C1950A80028A6D9 /* Chapter2 */ = {
			isa = PBXGroup;
			children = (
				219DA7CE296E4CAE00560846 /* Fonts */,
				AC6EDB962C1952950028A6D9 /* TextDemoView.swift */,
			);
			path = Chapter2;
			sourceTree = "<group>";
		};
		AC6EDB982C197EF70028A6D9 /* Chapter3 */ = {
			isa = PBXGroup;
			children = (
				AC6EDB992C197F1A0028A6D9 /* ImageDemoView.swift */,
			);
			path = Chapter3;
			sourceTree = "<group>";
		};
		AC874C0E2C3650A7000FD1D7 /* Chapter13 */ = {
			isa = PBXGroup;
			children = (
				AC874C0F2C3651F7000FD1D7 /* Chapter13MainView.swift */,
				AC3754E72B20487B00E49781 /* SettingView.swift */,
			);
			path = Chapter13;
			sourceTree = "<group>";
		};
		AC874C192C369BCC000FD1D7 /* Chapter14 */ = {
			isa = PBXGroup;
			children = (
				AC874C1A2C369C04000FD1D7 /* Chapter14MainView.swift */,
				AC874C1C2C36A676000FD1D7 /* NewSettingView.swift */,
				AC950DF22BEDF96E004B9D05 /* SettingStore.swift */,
			);
			path = Chapter14;
			sourceTree = "<group>";
		};
		ACD8980B2C200C1500A9840B /* Chapter5 */ = {
			isa = PBXGroup;
			children = (
				ACD8980C2C200C9100A9840B /* ScrollDemoView.swift */,
				AC3754E32B20164800E49781 /* CardView.swift */,
			);
			path = Chapter5;
			sourceTree = "<group>";
		};
		ACD8980E2C201A2C00A9840B /* Chapter6 */ = {
			isa = PBXGroup;
			children = (
				ACD8980F2C201A4D00A9840B /* ButtonDemoView.swift */,
			);
			path = Chapter6;
			sourceTree = "<group>";
		};
		ACF52B8C2C2D520D005ABB07 /* Chapter10 */ = {
			isa = PBXGroup;
			children = (
				ACF52B8D2C2D53A0005ABB07 /* ListDemoView.swift */,
				ACF52B8F2C2D6E7C005ABB07 /* ListView.swift */,
				ACF52B912C2D6F4E005ABB07 /* ListHomework.swift */,
				ACFA284F2B1DC81B0044145F /* Restaurant.swift */,
				ACFA28482B1DA5CB0044145F /* Article.swift */,
			);
			path = Chapter10;
			sourceTree = "<group>";
		};
/* End PBXGroup section */

/* Begin PBXNativeTarget section */
		219DA7BC296D62BC00560846 /* SwiftUIDemo */ = {
			isa = PBXNativeTarget;
			buildConfigurationList = 219DA7CB296D62BF00560846 /* Build configuration list for PBXNativeTarget "SwiftUIDemo" */;
			buildPhases = (
				219DA7B9296D62BC00560846 /* Sources */,
				219DA7BA296D62BC00560846 /* Frameworks */,
				219DA7BB296D62BC00560846 /* Resources */,
			);
			buildRules = (
			);
			dependencies = (
			);
			name = SwiftUIDemo;
			productName = SwiftUIDemo;
			productReference = 219DA7BD296D62BC00560846 /* SwiftUIDemo.app */;
			productType = "com.apple.product-type.application";
		};
/* End PBXNativeTarget section */

/* Begin PBXProject section */
		219DA7B5296D62BC00560846 /* Project object */ = {
			isa = PBXProject;
			attributes = {
				BuildIndependentTargetsInParallel = 1;
				LastSwiftUpdateCheck = 1410;
				LastUpgradeCheck = 1410;
				TargetAttributes = {
					219DA7BC296D62BC00560846 = {
						CreatedOnToolsVersion = 14.1;
					};
				};
			};
			buildConfigurationList = 219DA7B8296D62BC00560846 /* Build configuration list for PBXProject "SwiftUIDemo" */;
			compatibilityVersion = "Xcode 14.0";
			developmentRegion = en;
			hasScannedForEncodings = 0;
			knownRegions = (
				en,
				Base,
			);
			mainGroup = 219DA7B4296D62BC00560846;
			productRefGroup = 219DA7BE296D62BC00560846 /* Products */;
			projectDirPath = "";
			projectRoot = "";
			targets = (
				219DA7BC296D62BC00560846 /* SwiftUIDemo */,
			);
		};
/* End PBXProject section */

/* Begin PBXResourcesBuildPhase section */
		219DA7BB296D62BC00560846 /* Resources */ = {
			isa = PBXResourcesBuildPhase;
			buildActionMask = 2147483647;
			files = (
				219DA7D3296E4E2200560846 /* MoonDance-Regular.ttf in Resources */,
				219DA7D0296E4CFB00560846 /* Nunito-Regular.ttf in Resources */,
				219DA7C8296D62BF00560846 /* Preview Assets.xcassets in Resources */,
				219DA7C5296D62BF00560846 /* Assets.xcassets in Resources */,
			);
			runOnlyForDeploymentPostprocessing = 0;
		};
/* End PBXResourcesBuildPhase section */

/* Begin PBXSourcesBuildPhase section */
		219DA7B9296D62BC00560846 /* Sources */ = {
			isa = PBXSourcesBuildPhase;
			buildActionMask = 2147483647;
			files = (
				AC65C5B42C241AA8003A7BC8 /* ExplicitAnimation.swift in Sources */,
				AC874C102C3651F7000FD1D7 /* Chapter13MainView.swift in Sources */,
				AC3993E52BF205B9006B6128 /* AccountView.swift in Sources */,
				AC65C5BA2C2434B5003A7BC8 /* BaseNavigationBackView.swift in Sources */,
				AC65C5BE2C243771003A7BC8 /* DelayAnimation.swift in Sources */,
				ACF52B922C2D6F4E005ABB07 /* ListHomework.swift in Sources */,
				AC18299D2C32825200CDA6F2 /* NavigationHomework.swift in Sources */,
				AC6EDB972C1952950028A6D9 /* TextDemoView.swift in Sources */,
				AC18299B2C32824600CDA6F2 /* NavigationRestaurantView.swift in Sources */,
				ACFA28502B1DC81B0044145F /* Restaurant.swift in Sources */,
				AC66F3C92C130EA500E66967 /* DraggableView.swift in Sources */,
				AC3754E82B20487B00E49781 /* SettingView.swift in Sources */,
				ACFA28492B1DA5CB0044145F /* Article.swift in Sources */,
				AC65C5AB2C240B33003A7BC8 /* ProgressShape.swift in Sources */,
				AC874C1B2C369C04000FD1D7 /* Chapter14MainView.swift in Sources */,
				AC3993E92BF21A3D006B6128 /* ActionRestaurantView.swift in Sources */,
				AC65C5A72C218C93003A7BC8 /* ShapeDemoView.swift in Sources */,
				219DA7C1296D62BC00560846 /* SwiftUIDemoApp.swift in Sources */,
				AC65C5B22C241A95003A7BC8 /* ImplicitAnimation.swift in Sources */,
				AC9CC8152C25617800E756B8 /* TransitionHomeworkOne.swift in Sources */,
				AC6EDB9A2C197F1A0028A6D9 /* ImageDemoView.swift in Sources */,
				AC65C5B62C24222C003A7BC8 /* RotationEffectAnimation.swift in Sources */,
				AC3754E42B20164800E49781 /* CardView.swift in Sources */,
				AC950DF32BEDF96E004B9D05 /* SettingStore.swift in Sources */,
				AC65C5A92C24062B003A7BC8 /* DomeShape.swift in Sources */,
				AC6EDB942C19505D0028A6D9 /* IntroView.swift in Sources */,
				ACF52B8E2C2D53A0005ABB07 /* ListDemoView.swift in Sources */,
				AC3993E72BF20927006B6128 /* UserRegistrationViewModel.swift in Sources */,
				AC21E6B12C1852C0005103D6 /* BaseContainerView.swift in Sources */,
				ACD898102C201A4D00A9840B /* ButtonDemoView.swift in Sources */,
				AC65C5B82C24259C003A7BC8 /* RectangleProgressAnimation.swift in Sources */,
				AC65C5B02C241894003A7BC8 /* AnimationDemoView.swift in Sources */,
				AC65C5C02C2437A7003A7BC8 /* TransformAnimation.swift in Sources */,
				AC1829992C325ACF00CDA6F2 /* NavigationDemoView.swift in Sources */,
				AC21E6A12C17FED6005103D6 /* ContentListView.swift in Sources */,
				AC1829A02C34032D00CDA6F2 /* AlertDemoView.swift in Sources */,
				AC9CC8172C25619000E756B8 /* TransitionHomeworkTwo.swift in Sources */,
				AC65C5A42C217470003A7BC8 /* StateDemoView.swift in Sources */,
				AC65C5BC2C2436BF003A7BC8 /* ProgressIndicatorAnimation.swift in Sources */,
				AC65C5AD2C241369003A7BC8 /* DountChartShape.swift in Sources */,
				AC66F3C72C12FD5900E66967 /* GestureView.swift in Sources */,
				AC9CC80F2C252EFE00E756B8 /* TransitionDemoView.swift in Sources */,
				ACF52B902C2D6E7C005ABB07 /* ListView.swift in Sources */,
				AC874C1D2C36A676000FD1D7 /* NewSettingView.swift in Sources */,
				AC3B3D372C1C349E005A3B38 /* StackDemoView.swift in Sources */,
				ACD8980D2C200C9100A9840B /* ScrollDemoView.swift in Sources */,
				AC21E6A92C17FFD7005103D6 /* ContentData.swift in Sources */,
			);
			runOnlyForDeploymentPostprocessing = 0;
		};
/* End PBXSourcesBuildPhase section */

/* Begin XCBuildConfiguration section */
		219DA7C9296D62BF00560846 /* Debug */ = {
			isa = XCBuildConfiguration;
			buildSettings = {
				ALWAYS_SEARCH_USER_PATHS = NO;
				CLANG_ANALYZER_NONNULL = YES;
				CLANG_ANALYZER_NUMBER_OBJECT_CONVERSION = YES_AGGRESSIVE;
				CLANG_CXX_LANGUAGE_STANDARD = "gnu++20";
				CLANG_ENABLE_MODULES = YES;
				CLANG_ENABLE_OBJC_ARC = YES;
				CLANG_ENABLE_OBJC_WEAK = YES;
				CLANG_WARN_BLOCK_CAPTURE_AUTORELEASING = YES;
				CLANG_WARN_BOOL_CONVERSION = YES;
				CLANG_WARN_COMMA = YES;
				CLANG_WARN_CONSTANT_CONVERSION = YES;
				CLANG_WARN_DEPRECATED_OBJC_IMPLEMENTATIONS = YES;
				CLANG_WARN_DIRECT_OBJC_ISA_USAGE = YES_ERROR;
				CLANG_WARN_DOCUMENTATION_COMMENTS = YES;
				CLANG_WARN_EMPTY_BODY = YES;
				CLANG_WARN_ENUM_CONVERSION = YES;
				CLANG_WARN_INFINITE_RECURSION = YES;
				CLANG_WARN_INT_CONVERSION = YES;
				CLANG_WARN_NON_LITERAL_NULL_CONVERSION = YES;
				CLANG_WARN_OBJC_IMPLICIT_RETAIN_SELF = YES;
				CLANG_WARN_OBJC_LITERAL_CONVERSION = YES;
				CLANG_WARN_OBJC_ROOT_CLASS = YES_ERROR;
				CLANG_WARN_QUOTED_INCLUDE_IN_FRAMEWORK_HEADER = YES;
				CLANG_WARN_RANGE_LOOP_ANALYSIS = YES;
				CLANG_WARN_STRICT_PROTOTYPES = YES;
				CLANG_WARN_SUSPICIOUS_MOVE = YES;
				CLANG_WARN_UNGUARDED_AVAILABILITY = YES_AGGRESSIVE;
				CLANG_WARN_UNREACHABLE_CODE = YES;
				CLANG_WARN__DUPLICATE_METHOD_MATCH = YES;
				COPY_PHASE_STRIP = NO;
				DEBUG_INFORMATION_FORMAT = dwarf;
				ENABLE_STRICT_OBJC_MSGSEND = YES;
				ENABLE_TESTABILITY = YES;
				GCC_C_LANGUAGE_STANDARD = gnu11;
				GCC_DYNAMIC_NO_PIC = NO;
				GCC_NO_COMMON_BLOCKS = YES;
				GCC_OPTIMIZATION_LEVEL = 0;
				GCC_PREPROCESSOR_DEFINITIONS = (
					"DEBUG=1",
					"$(inherited)",
				);
				GCC_WARN_64_TO_32_BIT_CONVERSION = YES;
				GCC_WARN_ABOUT_RETURN_TYPE = YES_ERROR;
				GCC_WARN_UNDECLARED_SELECTOR = YES;
				GCC_WARN_UNINITIALIZED_AUTOS = YES_AGGRESSIVE;
				GCC_WARN_UNUSED_FUNCTION = YES;
				GCC_WARN_UNUSED_VARIABLE = YES;
				IPHONEOS_DEPLOYMENT_TARGET = 15.0;
				MTL_ENABLE_DEBUG_INFO = INCLUDE_SOURCE;
				MTL_FAST_MATH = YES;
				ONLY_ACTIVE_ARCH = YES;
				SDKROOT = iphoneos;
				SWIFT_ACTIVE_COMPILATION_CONDITIONS = DEBUG;
				SWIFT_OPTIMIZATION_LEVEL = "-Onone";
			};
			name = Debug;
		};
		219DA7CA296D62BF00560846 /* Release */ = {
			isa = XCBuildConfiguration;
			buildSettings = {
				ALWAYS_SEARCH_USER_PATHS = NO;
				CLANG_ANALYZER_NONNULL = YES;
				CLANG_ANALYZER_NUMBER_OBJECT_CONVERSION = YES_AGGRESSIVE;
				CLANG_CXX_LANGUAGE_STANDARD = "gnu++20";
				CLANG_ENABLE_MODULES = YES;
				CLANG_ENABLE_OBJC_ARC = YES;
				CLANG_ENABLE_OBJC_WEAK = YES;
				CLANG_WARN_BLOCK_CAPTURE_AUTORELEASING = YES;
				CLANG_WARN_BOOL_CONVERSION = YES;
				CLANG_WARN_COMMA = YES;
				CLANG_WARN_CONSTANT_CONVERSION = YES;
				CLANG_WARN_DEPRECATED_OBJC_IMPLEMENTATIONS = YES;
				CLANG_WARN_DIRECT_OBJC_ISA_USAGE = YES_ERROR;
				CLANG_WARN_DOCUMENTATION_COMMENTS = YES;
				CLANG_WARN_EMPTY_BODY = YES;
				CLANG_WARN_ENUM_CONVERSION = YES;
				CLANG_WARN_INFINITE_RECURSION = YES;
				CLANG_WARN_INT_CONVERSION = YES;
				CLANG_WARN_NON_LITERAL_NULL_CONVERSION = YES;
				CLANG_WARN_OBJC_IMPLICIT_RETAIN_SELF = YES;
				CLANG_WARN_OBJC_LITERAL_CONVERSION = YES;
				CLANG_WARN_OBJC_ROOT_CLASS = YES_ERROR;
				CLANG_WARN_QUOTED_INCLUDE_IN_FRAMEWORK_HEADER = YES;
				CLANG_WARN_RANGE_LOOP_ANALYSIS = YES;
				CLANG_WARN_STRICT_PROTOTYPES = YES;
				CLANG_WARN_SUSPICIOUS_MOVE = YES;
				CLANG_WARN_UNGUARDED_AVAILABILITY = YES_AGGRESSIVE;
				CLANG_WARN_UNREACHABLE_CODE = YES;
				CLANG_WARN__DUPLICATE_METHOD_MATCH = YES;
				COPY_PHASE_STRIP = NO;
				DEBUG_INFORMATION_FORMAT = "dwarf-with-dsym";
				ENABLE_NS_ASSERTIONS = NO;
				ENABLE_STRICT_OBJC_MSGSEND = YES;
				GCC_C_LANGUAGE_STANDARD = gnu11;
				GCC_NO_COMMON_BLOCKS = YES;
				GCC_WARN_64_TO_32_BIT_CONVERSION = YES;
				GCC_WARN_ABOUT_RETURN_TYPE = YES_ERROR;
				GCC_WARN_UNDECLARED_SELECTOR = YES;
				GCC_WARN_UNINITIALIZED_AUTOS = YES_AGGRESSIVE;
				GCC_WARN_UNUSED_FUNCTION = YES;
				GCC_WARN_UNUSED_VARIABLE = YES;
				IPHONEOS_DEPLOYMENT_TARGET = 15.0;
				MTL_ENABLE_DEBUG_INFO = NO;
				MTL_FAST_MATH = YES;
				SDKROOT = iphoneos;
				SWIFT_COMPILATION_MODE = wholemodule;
				SWIFT_OPTIMIZATION_LEVEL = "-O";
				VALIDATE_PRODUCT = YES;
			};
			name = Release;
		};
		219DA7CC296D62BF00560846 /* Debug */ = {
			isa = XCBuildConfiguration;
			buildSettings = {
				ASSETCATALOG_COMPILER_APPICON_NAME = AppIcon;
				ASSETCATALOG_COMPILER_GLOBAL_ACCENT_COLOR_NAME = AccentColor;
				CODE_SIGN_STYLE = Automatic;
				CURRENT_PROJECT_VERSION = 1;
				DEVELOPMENT_ASSET_PATHS = "\"SwiftUIDemo/Preview Content\"";
				DEVELOPMENT_TEAM = J5LQ4WHKLZ;
				ENABLE_PREVIEWS = YES;
				GENERATE_INFOPLIST_FILE = YES;
				INFOPLIST_FILE = SwiftUIDemo/Info.plist;
				INFOPLIST_KEY_UIApplicationSceneManifest_Generation = YES;
				INFOPLIST_KEY_UIApplicationSupportsIndirectInputEvents = YES;
				INFOPLIST_KEY_UILaunchScreen_Generation = YES;
				INFOPLIST_KEY_UISupportedInterfaceOrientations_iPad = "Nunito-Regular.ttf";
				INFOPLIST_KEY_UISupportedInterfaceOrientations_iPhone = "UIInterfaceOrientationPortrait UIInterfaceOrientationLandscapeLeft UIInterfaceOrientationLandscapeRight";
				IPHONEOS_DEPLOYMENT_TARGET = 15.0;
				LD_RUNPATH_SEARCH_PATHS = (
					"$(inherited)",
					"@executable_path/Frameworks",
				);
				MARKETING_VERSION = 1.0;
				PRODUCT_BUNDLE_IDENTIFIER = com.lawrence.SwiftUIDemo;
				PRODUCT_NAME = "$(TARGET_NAME)";
				SWIFT_EMIT_LOC_STRINGS = YES;
				SWIFT_VERSION = 5.0;
				TARGETED_DEVICE_FAMILY = "1,2";
			};
			name = Debug;
		};
		219DA7CD296D62BF00560846 /* Release */ = {
			isa = XCBuildConfiguration;
			buildSettings = {
				ASSETCATALOG_COMPILER_APPICON_NAME = AppIcon;
				ASSETCATALOG_COMPILER_GLOBAL_ACCENT_COLOR_NAME = AccentColor;
				CODE_SIGN_STYLE = Automatic;
				CURRENT_PROJECT_VERSION = 1;
				DEVELOPMENT_ASSET_PATHS = "\"SwiftUIDemo/Preview Content\"";
				DEVELOPMENT_TEAM = J5LQ4WHKLZ;
				ENABLE_PREVIEWS = YES;
				GENERATE_INFOPLIST_FILE = YES;
				INFOPLIST_FILE = SwiftUIDemo/Info.plist;
				INFOPLIST_KEY_UIApplicationSceneManifest_Generation = YES;
				INFOPLIST_KEY_UIApplicationSupportsIndirectInputEvents = YES;
				INFOPLIST_KEY_UILaunchScreen_Generation = YES;
				INFOPLIST_KEY_UISupportedInterfaceOrientations_iPad = "Nunito-Regular.ttf";
				INFOPLIST_KEY_UISupportedInterfaceOrientations_iPhone = "UIInterfaceOrientationPortrait UIInterfaceOrientationLandscapeLeft UIInterfaceOrientationLandscapeRight";
				IPHONEOS_DEPLOYMENT_TARGET = 15.0;
				LD_RUNPATH_SEARCH_PATHS = (
					"$(inherited)",
					"@executable_path/Frameworks",
				);
				MARKETING_VERSION = 1.0;
				PRODUCT_BUNDLE_IDENTIFIER = com.lawrence.SwiftUIDemo;
				PRODUCT_NAME = "$(TARGET_NAME)";
				SWIFT_EMIT_LOC_STRINGS = YES;
				SWIFT_VERSION = 5.0;
				TARGETED_DEVICE_FAMILY = "1,2";
			};
			name = Release;
		};
/* End XCBuildConfiguration section */

/* Begin XCConfigurationList section */
		219DA7B8296D62BC00560846 /* Build configuration list for PBXProject "SwiftUIDemo" */ = {
			isa = XCConfigurationList;
			buildConfigurations = (
				219DA7C9296D62BF00560846 /* Debug */,
				219DA7CA296D62BF00560846 /* Release */,
			);
			defaultConfigurationIsVisible = 0;
			defaultConfigurationName = Release;
		};
		219DA7CB296D62BF00560846 /* Build configuration list for PBXNativeTarget "SwiftUIDemo" */ = {
			isa = XCConfigurationList;
			buildConfigurations = (
				219DA7CC296D62BF00560846 /* Debug */,
				219DA7CD296D62BF00560846 /* Release */,
			);
			defaultConfigurationIsVisible = 0;
			defaultConfigurationName = Release;
		};
/* End XCConfigurationList section */
	};
	rootObject = 219DA7B5296D62BC00560846 /* Project object */;
}
